
Microsoft Visual Studio Solution File, Format Version 12.00
# Visual Studio Version 17
VisualStudioVersion = 17.14.36121.58 d17.14
MinimumVisualStudioVersion = 10.0.40219.1
Project("{FAE04EC0-301F-11D3-BF4B-00C04F79EFBC}") = "ProjectLast", "ProjectLast\ProjectLast.csproj", "{26CDB91B-4A7F-4D23-8F86-89319F576F07}"
EndProject
Global
	GlobalSection(SolutionConfigurationPlatforms) = preSolution
		Debug|Any CPU = Debug|Any CPU
		Release|Any CPU = Release|Any CPU
	EndGlobalSection
	GlobalSection(ProjectConfigurationPlatforms) = postSolution
		{26CDB91B-4A7F-4D23-8F86-89319F576F07}.Debug|Any CPU.ActiveCfg = Debug|Any CPU
		{26CDB91B-4A7F-4D23-8F86-89319F576F07}.Debug|Any CPU.Build.0 = Debug|Any CPU
		{26CDB91B-4A7F-4D23-8F86-89319F576F07}.Release|Any CPU.ActiveCfg = Release|Any CPU
		{26CDB91B-4A7F-4D23-8F86-89319F576F07}.Release|Any CPU.Build.0 = Release|Any CPU
	EndGlobalSection
	GlobalSection(SolutionProperties) = preSolution
		HideSolutionNode = FALSE
	EndGlobalSection
	GlobalSection(ExtensibilityGlobals) = postSolution
		SolutionGuid = {97A8AC16-3654-408E-9719-4455DA5DDD24}
	EndGlobalSection
EndGlobal
